
Microsoft Visual Studio Solution File, Format Version 12.00
# Visual Studio Version 16
VisualStudioVersion = 16.0.29806.167
MinimumVisualStudioVersion = 10.0.40219.1
Project("{FAE04EC0-301F-11D3-BF4B-00C04F79EFBC}") = "AmicorpSol1", "AmicorpSol1\AmicorpSol1.csproj", "{31461B94-3209-456A-BB0B-C7A487B56B43}"
EndProject
Global
	GlobalSection(SolutionConfigurationPlatforms) = preSolution
		Debug|Any CPU = Debug|Any CPU
		Release|Any CPU = Release|Any CPU
	EndGlobalSection
	GlobalSection(ProjectConfigurationPlatforms) = postSolution
		{31461B94-3209-456A-BB0B-C7A487B56B43}.Debug|Any CPU.ActiveCfg = Debug|Any CPU
		{31461B94-3209-456A-BB0B-C7A487B56B43}.Debug|Any CPU.Build.0 = Debug|Any CPU
		{31461B94-3209-456A-BB0B-C7A487B56B43}.Release|Any CPU.ActiveCfg = Release|Any CPU
		{31461B94-3209-456A-BB0B-C7A487B56B43}.Release|Any CPU.Build.0 = Release|Any CPU
	EndGlobalSection
	GlobalSection(SolutionProperties) = preSolution
		HideSolutionNode = FALSE
	EndGlobalSection
	GlobalSection(ExtensibilityGlobals) = postSolution
		SolutionGuid = {88FD341C-9380-4E1F-A4D9-64878537FE47}
	EndGlobalSection
EndGlobal
